
Microsoft Visual Studio Solution File, Format Version 12.00
# Visual Studio 15
VisualStudioVersion = 15.0.28307.329
MinimumVisualStudioVersion = 10.0.40219.1
Project("{FAE04EC0-301F-11D3-BF4B-00C04F79EFBC}") = "AHBC_SampleLab_eCommerce", "AHBC_SampleLab_eCommerce\AHBC_SampleLab_eCommerce.csproj", "{35ADCA94-2A58-493C-8779-AED79CE85672}"
EndProject
Project("{FAE04EC0-301F-11D3-BF4B-00C04F79EFBC}") = "AHBC_SampleLab_Inventory", "AHBC_SampleLab_Inventory\AHBC_SampleLab_Inventory.csproj", "{2CF98696-05D3-4A1E-8D94-94C1F0CC96B3}"
EndProject
Global
	GlobalSection(SolutionConfigurationPlatforms) = preSolution
		Debug|Any CPU = Debug|Any CPU
		Release|Any CPU = Release|Any CPU
	EndGlobalSection
	GlobalSection(ProjectConfigurationPlatforms) = postSolution
		{35ADCA94-2A58-493C-8779-AED79CE85672}.Debug|Any CPU.ActiveCfg = Debug|Any CPU
		{35ADCA94-2A58-493C-8779-AED79CE85672}.Debug|Any CPU.Build.0 = Debug|Any CPU
		{35ADCA94-2A58-493C-8779-AED79CE85672}.Release|Any CPU.ActiveCfg = Release|Any CPU
		{35ADCA94-2A58-493C-8779-AED79CE85672}.Release|Any CPU.Build.0 = Release|Any CPU
		{2CF98696-05D3-4A1E-8D94-94C1F0CC96B3}.Debug|Any CPU.ActiveCfg = Debug|Any CPU
		{2CF98696-05D3-4A1E-8D94-94C1F0CC96B3}.Debug|Any CPU.Build.0 = Debug|Any CPU
		{2CF98696-05D3-4A1E-8D94-94C1F0CC96B3}.Release|Any CPU.ActiveCfg = Release|Any CPU
		{2CF98696-05D3-4A1E-8D94-94C1F0CC96B3}.Release|Any CPU.Build.0 = Release|Any CPU
	EndGlobalSection
	GlobalSection(SolutionProperties) = preSolution
		HideSolutionNode = FALSE
	EndGlobalSection
	GlobalSection(ExtensibilityGlobals) = postSolution
		SolutionGuid = {54C9C6A2-0076-4B7F-9836-6ECE9FC76628}
	EndGlobalSection
EndGlobal
